
Microsoft Visual Studio Solution File, Format Version 12.00
# Visual Studio Version 16
VisualStudioVersion = 16.0.31729.503
MinimumVisualStudioVersion = 10.0.40219.1
Project("{FAE04EC0-301F-11D3-BF4B-00C04F79EFBC}") = "Moyenne", "Moyenne\Moyenne.csproj", "{401E8225-7734-4F56-976F-EF6F62048FB4}"
EndProject
Global
	GlobalSection(SolutionConfigurationPlatforms) = preSolution
		Debug|Any CPU = Debug|Any CPU
		Release|Any CPU = Release|Any CPU
	EndGlobalSection
	GlobalSection(ProjectConfigurationPlatforms) = postSolution
		{401E8225-7734-4F56-976F-EF6F62048FB4}.Debug|Any CPU.ActiveCfg = Debug|Any CPU
		{401E8225-7734-4F56-976F-EF6F62048FB4}.Debug|Any CPU.Build.0 = Debug|Any CPU
		{401E8225-7734-4F56-976F-EF6F62048FB4}.Release|Any CPU.ActiveCfg = Release|Any CPU
		{401E8225-7734-4F56-976F-EF6F62048FB4}.Release|Any CPU.Build.0 = Release|Any CPU
	EndGlobalSection
	GlobalSection(SolutionProperties) = preSolution
		HideSolutionNode = FALSE
	EndGlobalSection
	GlobalSection(ExtensibilityGlobals) = postSolution
		SolutionGuid = {67E17C17-5812-453B-9A69-7058578BC200}
	EndGlobalSection
EndGlobal
