
Microsoft Visual Studio Solution File, Format Version 12.00
# Visual Studio Version 16
VisualStudioVersion = 16.0.31729.503
MinimumVisualStudioVersion = 10.0.40219.1
Project("{FAE04EC0-301F-11D3-BF4B-00C04F79EFBC}") = "CorrectionRoleplayGame", "CorrectionRoleplayGame\CorrectionRoleplayGame.csproj", "{DD3638E4-A8B5-46EC-9EEC-555B6FD21B0C}"
EndProject
Project("{FAE04EC0-301F-11D3-BF4B-00C04F79EFBC}") = "PropertiesGetterSetter", "PropertiesGetterSetter\PropertiesGetterSetter.csproj", "{45B62FB8-237B-46F6-8135-DF3768F20C16}"
EndProject
Global
	GlobalSection(SolutionConfigurationPlatforms) = preSolution
		Debug|Any CPU = Debug|Any CPU
		Release|Any CPU = Release|Any CPU
	EndGlobalSection
	GlobalSection(ProjectConfigurationPlatforms) = postSolution
		{DD3638E4-A8B5-46EC-9EEC-555B6FD21B0C}.Debug|Any CPU.ActiveCfg = Debug|Any CPU
		{DD3638E4-A8B5-46EC-9EEC-555B6FD21B0C}.Debug|Any CPU.Build.0 = Debug|Any CPU
		{DD3638E4-A8B5-46EC-9EEC-555B6FD21B0C}.Release|Any CPU.ActiveCfg = Release|Any CPU
		{DD3638E4-A8B5-46EC-9EEC-555B6FD21B0C}.Release|Any CPU.Build.0 = Release|Any CPU
		{45B62FB8-237B-46F6-8135-DF3768F20C16}.Debug|Any CPU.ActiveCfg = Debug|Any CPU
		{45B62FB8-237B-46F6-8135-DF3768F20C16}.Debug|Any CPU.Build.0 = Debug|Any CPU
		{45B62FB8-237B-46F6-8135-DF3768F20C16}.Release|Any CPU.ActiveCfg = Release|Any CPU
		{45B62FB8-237B-46F6-8135-DF3768F20C16}.Release|Any CPU.Build.0 = Release|Any CPU
	EndGlobalSection
	GlobalSection(SolutionProperties) = preSolution
		HideSolutionNode = FALSE
	EndGlobalSection
	GlobalSection(ExtensibilityGlobals) = postSolution
		SolutionGuid = {4DE1CCDD-ABF8-4B78-9C9D-828A058411DB}
	EndGlobalSection
EndGlobal
