
Microsoft Visual Studio Solution File, Format Version 12.00
# Visual Studio Version 16
VisualStudioVersion = 16.0.31729.503
MinimumVisualStudioVersion = 10.0.40219.1
Project("{FAE04EC0-301F-11D3-BF4B-00C04F79EFBC}") = "DeckCard", "DeckCard\DeckCard.csproj", "{8431C2D8-1F1D-4580-AFD0-2BEED7F152F7}"
EndProject
Project("{FAE04EC0-301F-11D3-BF4B-00C04F79EFBC}") = "ToolsExo", "ToolsExo\ToolsExo.csproj", "{1FB52B39-E555-4A8D-8879-0E45B9CFE11B}"
EndProject
Project("{FAE04EC0-301F-11D3-BF4B-00C04F79EFBC}") = "MoveAroundConsole", "MoveAroundConsole\MoveAroundConsole.csproj", "{4131CE50-3858-4874-9601-37D0E6F3A4D7}"
EndProject
Project("{FAE04EC0-301F-11D3-BF4B-00C04F79EFBC}") = "MoveAroundConsoleCorrection", "MoveAroundConsoleCorrection\MoveAroundConsoleCorrection.csproj", "{A00C4FF0-ECE7-4AC7-B912-7ACAF8987B21}"
EndProject
Project("{FAE04EC0-301F-11D3-BF4B-00C04F79EFBC}") = "Delegate", "Delegate\Delegate.csproj", "{0CF42FB4-E27E-4251-A2EC-F118377D4FD7}"
EndProject
Global
	GlobalSection(SolutionConfigurationPlatforms) = preSolution
		Debug|Any CPU = Debug|Any CPU
		Release|Any CPU = Release|Any CPU
	EndGlobalSection
	GlobalSection(ProjectConfigurationPlatforms) = postSolution
		{8431C2D8-1F1D-4580-AFD0-2BEED7F152F7}.Debug|Any CPU.ActiveCfg = Debug|Any CPU
		{8431C2D8-1F1D-4580-AFD0-2BEED7F152F7}.Debug|Any CPU.Build.0 = Debug|Any CPU
		{8431C2D8-1F1D-4580-AFD0-2BEED7F152F7}.Release|Any CPU.ActiveCfg = Release|Any CPU
		{8431C2D8-1F1D-4580-AFD0-2BEED7F152F7}.Release|Any CPU.Build.0 = Release|Any CPU
		{1FB52B39-E555-4A8D-8879-0E45B9CFE11B}.Debug|Any CPU.ActiveCfg = Debug|Any CPU
		{1FB52B39-E555-4A8D-8879-0E45B9CFE11B}.Debug|Any CPU.Build.0 = Debug|Any CPU
		{1FB52B39-E555-4A8D-8879-0E45B9CFE11B}.Release|Any CPU.ActiveCfg = Release|Any CPU
		{1FB52B39-E555-4A8D-8879-0E45B9CFE11B}.Release|Any CPU.Build.0 = Release|Any CPU
		{4131CE50-3858-4874-9601-37D0E6F3A4D7}.Debug|Any CPU.ActiveCfg = Debug|Any CPU
		{4131CE50-3858-4874-9601-37D0E6F3A4D7}.Debug|Any CPU.Build.0 = Debug|Any CPU
		{4131CE50-3858-4874-9601-37D0E6F3A4D7}.Release|Any CPU.ActiveCfg = Release|Any CPU
		{4131CE50-3858-4874-9601-37D0E6F3A4D7}.Release|Any CPU.Build.0 = Release|Any CPU
		{A00C4FF0-ECE7-4AC7-B912-7ACAF8987B21}.Debug|Any CPU.ActiveCfg = Debug|Any CPU
		{A00C4FF0-ECE7-4AC7-B912-7ACAF8987B21}.Debug|Any CPU.Build.0 = Debug|Any CPU
		{A00C4FF0-ECE7-4AC7-B912-7ACAF8987B21}.Release|Any CPU.ActiveCfg = Release|Any CPU
		{A00C4FF0-ECE7-4AC7-B912-7ACAF8987B21}.Release|Any CPU.Build.0 = Release|Any CPU
		{0CF42FB4-E27E-4251-A2EC-F118377D4FD7}.Debug|Any CPU.ActiveCfg = Debug|Any CPU
		{0CF42FB4-E27E-4251-A2EC-F118377D4FD7}.Debug|Any CPU.Build.0 = Debug|Any CPU
		{0CF42FB4-E27E-4251-A2EC-F118377D4FD7}.Release|Any CPU.ActiveCfg = Release|Any CPU
		{0CF42FB4-E27E-4251-A2EC-F118377D4FD7}.Release|Any CPU.Build.0 = Release|Any CPU
	EndGlobalSection
	GlobalSection(SolutionProperties) = preSolution
		HideSolutionNode = FALSE
	EndGlobalSection
	GlobalSection(ExtensibilityGlobals) = postSolution
		SolutionGuid = {F437B484-E330-4785-A01E-BC84D4B50004}
	EndGlobalSection
EndGlobal
