
Microsoft Visual Studio Solution File, Format Version 12.00
# Visual Studio Version 16
VisualStudioVersion = 16.0.31729.503
MinimumVisualStudioVersion = 10.0.40219.1
Project("{9A19103F-16F7-4668-BE54-9A1E7A4F7556}") = "Exercice01", "Exercice01\Exercice01.csproj", "{F998B9AB-D3A7-4F94-ACA4-99EB618D06C2}"
EndProject
Project("{FAE04EC0-301F-11D3-BF4B-00C04F79EFBC}") = "Destructor", "Destructor\Destructor.csproj", "{12701875-655C-46A5-BFD6-DEBB22A2CE18}"
EndProject
Project("{FAE04EC0-301F-11D3-BF4B-00C04F79EFBC}") = "JeuxDeCartes", "JeuxDeCartes\JeuxDeCartes.csproj", "{135FC7FE-9E2C-4955-8BCE-280800397E60}"
EndProject
Global
	GlobalSection(SolutionConfigurationPlatforms) = preSolution
		Debug|Any CPU = Debug|Any CPU
		Release|Any CPU = Release|Any CPU
	EndGlobalSection
	GlobalSection(ProjectConfigurationPlatforms) = postSolution
		{F998B9AB-D3A7-4F94-ACA4-99EB618D06C2}.Debug|Any CPU.ActiveCfg = Debug|Any CPU
		{F998B9AB-D3A7-4F94-ACA4-99EB618D06C2}.Debug|Any CPU.Build.0 = Debug|Any CPU
		{F998B9AB-D3A7-4F94-ACA4-99EB618D06C2}.Release|Any CPU.ActiveCfg = Release|Any CPU
		{F998B9AB-D3A7-4F94-ACA4-99EB618D06C2}.Release|Any CPU.Build.0 = Release|Any CPU
		{12701875-655C-46A5-BFD6-DEBB22A2CE18}.Debug|Any CPU.ActiveCfg = Debug|Any CPU
		{12701875-655C-46A5-BFD6-DEBB22A2CE18}.Debug|Any CPU.Build.0 = Debug|Any CPU
		{12701875-655C-46A5-BFD6-DEBB22A2CE18}.Release|Any CPU.ActiveCfg = Release|Any CPU
		{12701875-655C-46A5-BFD6-DEBB22A2CE18}.Release|Any CPU.Build.0 = Release|Any CPU
		{135FC7FE-9E2C-4955-8BCE-280800397E60}.Debug|Any CPU.ActiveCfg = Debug|Any CPU
		{135FC7FE-9E2C-4955-8BCE-280800397E60}.Debug|Any CPU.Build.0 = Debug|Any CPU
		{135FC7FE-9E2C-4955-8BCE-280800397E60}.Release|Any CPU.ActiveCfg = Release|Any CPU
		{135FC7FE-9E2C-4955-8BCE-280800397E60}.Release|Any CPU.Build.0 = Release|Any CPU
	EndGlobalSection
	GlobalSection(SolutionProperties) = preSolution
		HideSolutionNode = FALSE
	EndGlobalSection
	GlobalSection(ExtensibilityGlobals) = postSolution
		SolutionGuid = {F28C47BD-430A-4AAC-BE32-1C661A406445}
	EndGlobalSection
EndGlobal
